// !$*UTF8*$!
{
	archiveVersion = 1;
	classes = {
	};
	objectVersion = 51;
	objects = {

/* Begin PBXBuildFile section */
		906ADB7626793399006D0C47 /* ItemInOrderViewController.swift in Sources */ = {isa = PBXBuildFile; fileRef = 906ADB7526793399006D0C47 /* ItemInOrderViewController.swift */; };
		909051F52642D1FF00957256 /* OrderListViewController.swift in Sources */ = {isa = PBXBuildFile; fileRef = 909051F42642D1FF00957256 /* OrderListViewController.swift */; };
		909051F72642D2EC00957256 /* Order.swift in Sources */ = {isa = PBXBuildFile; fileRef = 909051F62642D2EC00957256 /* Order.swift */; };
		90931292264223CD0088BB58 /* AppDelegate.swift in Sources */ = {isa = PBXBuildFile; fileRef = 90931291264223CD0088BB58 /* AppDelegate.swift */; };
		90931294264223CD0088BB58 /* SceneDelegate.swift in Sources */ = {isa = PBXBuildFile; fileRef = 90931293264223CD0088BB58 /* SceneDelegate.swift */; };
		90931296264223CD0088BB58 /* LoginViewController.swift in Sources */ = {isa = PBXBuildFile; fileRef = 90931295264223CD0088BB58 /* LoginViewController.swift */; };
		90931299264223CD0088BB58 /* Main.storyboard in Resources */ = {isa = PBXBuildFile; fileRef = 90931297264223CD0088BB58 /* Main.storyboard */; };
		9093129B264223CF0088BB58 /* Assets.xcassets in Resources */ = {isa = PBXBuildFile; fileRef = 9093129A264223CF0088BB58 /* Assets.xcassets */; };
		9093129E264223CF0088BB58 /* LaunchScreen.storyboard in Resources */ = {isa = PBXBuildFile; fileRef = 9093129C264223CF0088BB58 /* LaunchScreen.storyboard */; };
		909A9F5826791FA70064A7F5 /* AdminHomeViewController.swift in Sources */ = {isa = PBXBuildFile; fileRef = 909A9F5726791FA70064A7F5 /* AdminHomeViewController.swift */; };
		90AFA9B4264D65DF000D6153 /* MenuItem.swift in Sources */ = {isa = PBXBuildFile; fileRef = 90AFA9B3264D65DF000D6153 /* MenuItem.swift */; };
		90AFA9B6264D65E9000D6153 /* MenuItems.swift in Sources */ = {isa = PBXBuildFile; fileRef = 90AFA9B5264D65E9000D6153 /* MenuItems.swift */; };
		90D66C45264C3249009A98A0 /* Orders.swift in Sources */ = {isa = PBXBuildFile; fileRef = 90D66C44264C3249009A98A0 /* Orders.swift */; };
		90F33FAC264225EF00DF6FAC /* GoogleService-Info.plist in Resources */ = {isa = PBXBuildFile; fileRef = 90F33FAB264225EF00DF6FAC /* GoogleService-Info.plist */; };
		90F33FAE26422B6200DF6FAC /* HomeScreenViewController.swift in Sources */ = {isa = PBXBuildFile; fileRef = 90F33FAD26422B6200DF6FAC /* HomeScreenViewController.swift */; };
		90F33FB02642311000DF6FAC /* MenuDetailViewController.swift in Sources */ = {isa = PBXBuildFile; fileRef = 90F33FAF2642311000DF6FAC /* MenuDetailViewController.swift */; };
		90F33FB22642345800DF6FAC /* OrderDetailViewController.swift in Sources */ = {isa = PBXBuildFile; fileRef = 90F33FB12642345800DF6FAC /* OrderDetailViewController.swift */; };
		CFE6FBE5074DC5159F1483FC /* Pods_Tonis_Kitchen.framework in Frameworks */ = {isa = PBXBuildFile; fileRef = 60C80C4A25572814BBD92B69 /* Pods_Tonis_Kitchen.framework */; };
/* End PBXBuildFile section */

/* Begin PBXFileReference section */
		60C80C4A25572814BBD92B69 /* Pods_Tonis_Kitchen.framework */ = {isa = PBXFileReference; explicitFileType = wrapper.framework; includeInIndex = 0; path = Pods_Tonis_Kitchen.framework; sourceTree = BUILT_PRODUCTS_DIR; };
		906ADB7526793399006D0C47 /* ItemInOrderViewController.swift */ = {isa = PBXFileReference; lastKnownFileType = sourcecode.swift; path = ItemInOrderViewController.swift; sourceTree = "<group>"; };
		909051F42642D1FF00957256 /* OrderListViewController.swift */ = {isa = PBXFileReference; lastKnownFileType = sourcecode.swift; path = OrderListViewController.swift; sourceTree = "<group>"; };
		909051F62642D2EC00957256 /* Order.swift */ = {isa = PBXFileReference; lastKnownFileType = sourcecode.swift; path = Order.swift; sourceTree = "<group>"; };
		9093128E264223CD0088BB58 /* Tonis Kitchen.app */ = {isa = PBXFileReference; explicitFileType = wrapper.application; includeInIndex = 0; path = "Tonis Kitchen.app"; sourceTree = BUILT_PRODUCTS_DIR; };
		90931291264223CD0088BB58 /* AppDelegate.swift */ = {isa = PBXFileReference; lastKnownFileType = sourcecode.swift; path = AppDelegate.swift; sourceTree = "<group>"; };
		90931293264223CD0088BB58 /* SceneDelegate.swift */ = {isa = PBXFileReference; lastKnownFileType = sourcecode.swift; path = SceneDelegate.swift; sourceTree = "<group>"; };
		90931295264223CD0088BB58 /* LoginViewController.swift */ = {isa = PBXFileReference; lastKnownFileType = sourcecode.swift; path = LoginViewController.swift; sourceTree = "<group>"; };
		90931298264223CD0088BB58 /* Base */ = {isa = PBXFileReference; lastKnownFileType = file.storyboard; name = Base; path = Base.lproj/Main.storyboard; sourceTree = "<group>"; };
		9093129A264223CF0088BB58 /* Assets.xcassets */ = {isa = PBXFileReference; lastKnownFileType = folder.assetcatalog; path = Assets.xcassets; sourceTree = "<group>"; };
		9093129D264223CF0088BB58 /* Base */ = {isa = PBXFileReference; lastKnownFileType = file.storyboard; name = Base; path = Base.lproj/LaunchScreen.storyboard; sourceTree = "<group>"; };
		9093129F264223CF0088BB58 /* Info.plist */ = {isa = PBXFileReference; lastKnownFileType = text.plist.xml; path = Info.plist; sourceTree = "<group>"; };
		909A9F5726791FA70064A7F5 /* AdminHomeViewController.swift */ = {isa = PBXFileReference; lastKnownFileType = sourcecode.swift; path = AdminHomeViewController.swift; sourceTree = "<group>"; };
		90AFA9B3264D65DF000D6153 /* MenuItem.swift */ = {isa = PBXFileReference; lastKnownFileType = sourcecode.swift; path = MenuItem.swift; sourceTree = "<group>"; };
		90AFA9B5264D65E9000D6153 /* MenuItems.swift */ = {isa = PBXFileReference; lastKnownFileType = sourcecode.swift; path = MenuItems.swift; sourceTree = "<group>"; };
		90D66C44264C3249009A98A0 /* Orders.swift */ = {isa = PBXFileReference; lastKnownFileType = sourcecode.swift; path = Orders.swift; sourceTree = "<group>"; };
		90F33FAB264225EF00DF6FAC /* GoogleService-Info.plist */ = {isa = PBXFileReference; lastKnownFileType = text.plist; path = "GoogleService-Info.plist"; sourceTree = SOURCE_ROOT; };
		90F33FAD26422B6200DF6FAC /* HomeScreenViewController.swift */ = {isa = PBXFileReference; lastKnownFileType = sourcecode.swift; path = HomeScreenViewController.swift; sourceTree = "<group>"; };
		90F33FAF2642311000DF6FAC /* MenuDetailViewController.swift */ = {isa = PBXFileReference; lastKnownFileType = sourcecode.swift; path = MenuDetailViewController.swift; sourceTree = "<group>"; };
		90F33FB12642345800DF6FAC /* OrderDetailViewController.swift */ = {isa = PBXFileReference; lastKnownFileType = sourcecode.swift; path = OrderDetailViewController.swift; sourceTree = "<group>"; };
		9B34B91B0BBF4AAB67D621A7 /* Pods-Tonis Kitchen.debug.xcconfig */ = {isa = PBXFileReference; includeInIndex = 1; lastKnownFileType = text.xcconfig; name = "Pods-Tonis Kitchen.debug.xcconfig"; path = "Target Support Files/Pods-Tonis Kitchen/Pods-Tonis Kitchen.debug.xcconfig"; sourceTree = "<group>"; };
		E54515F546BA7F967440CB57 /* Pods-Tonis Kitchen.release.xcconfig */ = {isa = PBXFileReference; includeInIndex = 1; lastKnownFileType = text.xcconfig; name = "Pods-Tonis Kitchen.release.xcconfig"; path = "Target Support Files/Pods-Tonis Kitchen/Pods-Tonis Kitchen.release.xcconfig"; sourceTree = "<group>"; };
/* End PBXFileReference section */

/* Begin PBXFrameworksBuildPhase section */
		9093128B264223CD0088BB58 /* Frameworks */ = {
			isa = PBXFrameworksBuildPhase;
			buildActionMask = 2147483647;
			files = (
				CFE6FBE5074DC5159F1483FC /* Pods_Tonis_Kitchen.framework in Frameworks */,
			);
			runOnlyForDeploymentPostprocessing = 0;
		};
/* End PBXFrameworksBuildPhase section */

/* Begin PBXGroup section */
		151F2CA60BF3AC0FF9F07475 /* Frameworks */ = {
			isa = PBXGroup;
			children = (
				60C80C4A25572814BBD92B69 /* Pods_Tonis_Kitchen.framework */,
			);
			name = Frameworks;
			sourceTree = "<group>";
		};
		225CABC3F5A31C82053B217F /* Pods */ = {
			isa = PBXGroup;
			children = (
				9B34B91B0BBF4AAB67D621A7 /* Pods-Tonis Kitchen.debug.xcconfig */,
				E54515F546BA7F967440CB57 /* Pods-Tonis Kitchen.release.xcconfig */,
			);
			path = Pods;
			sourceTree = "<group>";
		};
		90931285264223CD0088BB58 = {
			isa = PBXGroup;
			children = (
				90931290264223CD0088BB58 /* Tonis Kitchen */,
				9093128F264223CD0088BB58 /* Products */,
				225CABC3F5A31C82053B217F /* Pods */,
				151F2CA60BF3AC0FF9F07475 /* Frameworks */,
			);
			sourceTree = "<group>";
		};
		9093128F264223CD0088BB58 /* Products */ = {
			isa = PBXGroup;
			children = (
				9093128E264223CD0088BB58 /* Tonis Kitchen.app */,
			);
			name = Products;
			sourceTree = "<group>";
		};
		90931290264223CD0088BB58 /* Tonis Kitchen */ = {
			isa = PBXGroup;
			children = (
				90931291264223CD0088BB58 /* AppDelegate.swift */,
				90931293264223CD0088BB58 /* SceneDelegate.swift */,
				909051F62642D2EC00957256 /* Order.swift */,
				90D66C44264C3249009A98A0 /* Orders.swift */,
				90AFA9B3264D65DF000D6153 /* MenuItem.swift */,
				90AFA9B5264D65E9000D6153 /* MenuItems.swift */,
				90931295264223CD0088BB58 /* LoginViewController.swift */,
				90F33FAD26422B6200DF6FAC /* HomeScreenViewController.swift */,
				90F33FAF2642311000DF6FAC /* MenuDetailViewController.swift */,
				909051F42642D1FF00957256 /* OrderListViewController.swift */,
				90F33FB12642345800DF6FAC /* OrderDetailViewController.swift */,
				906ADB7526793399006D0C47 /* ItemInOrderViewController.swift */,
				909A9F5726791FA70064A7F5 /* AdminHomeViewController.swift */,
				90931297264223CD0088BB58 /* Main.storyboard */,
				9093129A264223CF0088BB58 /* Assets.xcassets */,
				9093129C264223CF0088BB58 /* LaunchScreen.storyboard */,
				9093129F264223CF0088BB58 /* Info.plist */,
				90F33FAB264225EF00DF6FAC /* GoogleService-Info.plist */,
			);
			path = "Tonis Kitchen";
			sourceTree = "<group>";
		};
/* End PBXGroup section */

/* Begin PBXNativeTarget section */
		9093128D264223CD0088BB58 /* Tonis Kitchen */ = {
			isa = PBXNativeTarget;
			buildConfigurationList = 909312A2264223CF0088BB58 /* Build configuration list for PBXNativeTarget "Tonis Kitchen" */;
			buildPhases = (
				AB856F2586F1922FA305564D /* [CP] Check Pods Manifest.lock */,
				9093128A264223CD0088BB58 /* Sources */,
				9093128B264223CD0088BB58 /* Frameworks */,
				9093128C264223CD0088BB58 /* Resources */,
				83000D70EDCFF25AEAC6479E /* [CP] Embed Pods Frameworks */,
				9233F92C78A627E42FFC5AF7 /* [CP] Copy Pods Resources */,
			);
			buildRules = (
			);
			dependencies = (
			);
			name = "Tonis Kitchen";
			productName = "Tonis Kitchen";
			productReference = 9093128E264223CD0088BB58 /* Tonis Kitchen.app */;
			productType = "com.apple.product-type.application";
		};
/* End PBXNativeTarget section */

/* Begin PBXProject section */
		90931286264223CD0088BB58 /* Project object */ = {
			isa = PBXProject;
			attributes = {
				LastSwiftUpdateCheck = 1250;
				LastUpgradeCheck = 1250;
				TargetAttributes = {
					9093128D264223CD0088BB58 = {
						CreatedOnToolsVersion = 12.5;
					};
				};
			};
			buildConfigurationList = 90931289264223CD0088BB58 /* Build configuration list for PBXProject "Tonis Kitchen" */;
			compatibilityVersion = "Xcode 9.3";
			developmentRegion = en;
			hasScannedForEncodings = 0;
			knownRegions = (
				en,
				Base,
			);
			mainGroup = 90931285264223CD0088BB58;
			productRefGroup = 9093128F264223CD0088BB58 /* Products */;
			projectDirPath = "";
			projectRoot = "";
			targets = (
				9093128D264223CD0088BB58 /* Tonis Kitchen */,
			);
		};
/* End PBXProject section */

/* Begin PBXResourcesBuildPhase section */
		9093128C264223CD0088BB58 /* Resources */ = {
			isa = PBXResourcesBuildPhase;
			buildActionMask = 2147483647;
			files = (
				9093129E264223CF0088BB58 /* LaunchScreen.storyboard in Resources */,
				90F33FAC264225EF00DF6FAC /* GoogleService-Info.plist in Resources */,
				9093129B264223CF0088BB58 /* Assets.xcassets in Resources */,
				90931299264223CD0088BB58 /* Main.storyboard in Resources */,
			);
			runOnlyForDeploymentPostprocessing = 0;
		};
/* End PBXResourcesBuildPhase section */

/* Begin PBXShellScriptBuildPhase section */
		83000D70EDCFF25AEAC6479E /* [CP] Embed Pods Frameworks */ = {
			isa = PBXShellScriptBuildPhase;
			buildActionMask = 2147483647;
			files = (
			);
			inputFileListPaths = (
				"${PODS_ROOT}/Target Support Files/Pods-Tonis Kitchen/Pods-Tonis Kitchen-frameworks-${CONFIGURATION}-input-files.xcfilelist",
			);
			name = "[CP] Embed Pods Frameworks";
			outputFileListPaths = (
				"${PODS_ROOT}/Target Support Files/Pods-Tonis Kitchen/Pods-Tonis Kitchen-frameworks-${CONFIGURATION}-output-files.xcfilelist",
			);
			runOnlyForDeploymentPostprocessing = 0;
			shellPath = /bin/sh;
			shellScript = "\"${PODS_ROOT}/Target Support Files/Pods-Tonis Kitchen/Pods-Tonis Kitchen-frameworks.sh\"\n";
			showEnvVarsInLog = 0;
		};
		9233F92C78A627E42FFC5AF7 /* [CP] Copy Pods Resources */ = {
			isa = PBXShellScriptBuildPhase;
			buildActionMask = 2147483647;
			files = (
			);
			inputFileListPaths = (
				"${PODS_ROOT}/Target Support Files/Pods-Tonis Kitchen/Pods-Tonis Kitchen-resources-${CONFIGURATION}-input-files.xcfilelist",
			);
			name = "[CP] Copy Pods Resources";
			outputFileListPaths = (
				"${PODS_ROOT}/Target Support Files/Pods-Tonis Kitchen/Pods-Tonis Kitchen-resources-${CONFIGURATION}-output-files.xcfilelist",
			);
			runOnlyForDeploymentPostprocessing = 0;
			shellPath = /bin/sh;
			shellScript = "\"${PODS_ROOT}/Target Support Files/Pods-Tonis Kitchen/Pods-Tonis Kitchen-resources.sh\"\n";
			showEnvVarsInLog = 0;
		};
		AB856F2586F1922FA305564D /* [CP] Check Pods Manifest.lock */ = {
			isa = PBXShellScriptBuildPhase;
			buildActionMask = 2147483647;
			files = (
			);
			inputFileListPaths = (
			);
			inputPaths = (
				"${PODS_PODFILE_DIR_PATH}/Podfile.lock",
				"${PODS_ROOT}/Manifest.lock",
			);
			name = "[CP] Check Pods Manifest.lock";
			outputFileListPaths = (
			);
			outputPaths = (
				"$(DERIVED_FILE_DIR)/Pods-Tonis Kitchen-checkManifestLockResult.txt",
			);
			runOnlyForDeploymentPostprocessing = 0;
			shellPath = /bin/sh;
			shellScript = "diff \"${PODS_PODFILE_DIR_PATH}/Podfile.lock\" \"${PODS_ROOT}/Manifest.lock\" > /dev/null\nif [ $? != 0 ] ; then\n    # print error to STDERR\n    echo \"error: The sandbox is not in sync with the Podfile.lock. Run 'pod install' or update your CocoaPods installation.\" >&2\n    exit 1\nfi\n# This output is used by Xcode 'outputs' to avoid re-running this script phase.\necho \"SUCCESS\" > \"${SCRIPT_OUTPUT_FILE_0}\"\n";
			showEnvVarsInLog = 0;
		};
/* End PBXShellScriptBuildPhase section */

/* Begin PBXSourcesBuildPhase section */
		9093128A264223CD0088BB58 /* Sources */ = {
			isa = PBXSourcesBuildPhase;
			buildActionMask = 2147483647;
			files = (
				90AFA9B6264D65E9000D6153 /* MenuItems.swift in Sources */,
				909A9F5826791FA70064A7F5 /* AdminHomeViewController.swift in Sources */,
				90F33FB22642345800DF6FAC /* OrderDetailViewController.swift in Sources */,
				90931296264223CD0088BB58 /* LoginViewController.swift in Sources */,
				909051F72642D2EC00957256 /* Order.swift in Sources */,
				90F33FB02642311000DF6FAC /* MenuDetailViewController.swift in Sources */,
				906ADB7626793399006D0C47 /* ItemInOrderViewController.swift in Sources */,
				909051F52642D1FF00957256 /* OrderListViewController.swift in Sources */,
				90F33FAE26422B6200DF6FAC /* HomeScreenViewController.swift in Sources */,
				90D66C45264C3249009A98A0 /* Orders.swift in Sources */,
				90931292264223CD0088BB58 /* AppDelegate.swift in Sources */,
				90931294264223CD0088BB58 /* SceneDelegate.swift in Sources */,
				90AFA9B4264D65DF000D6153 /* MenuItem.swift in Sources */,
			);
			runOnlyForDeploymentPostprocessing = 0;
		};
/* End PBXSourcesBuildPhase section */

/* Begin PBXVariantGroup section */
		90931297264223CD0088BB58 /* Main.storyboard */ = {
			isa = PBXVariantGroup;
			children = (
				90931298264223CD0088BB58 /* Base */,
			);
			name = Main.storyboard;
			sourceTree = "<group>";
		};
		9093129C264223CF0088BB58 /* LaunchScreen.storyboard */ = {
			isa = PBXVariantGroup;
			children = (
				9093129D264223CF0088BB58 /* Base */,
			);
			name = LaunchScreen.storyboard;
			sourceTree = "<group>";
		};
/* End PBXVariantGroup section */

/* Begin XCBuildConfiguration section */
		909312A0264223CF0088BB58 /* Debug */ = {
			isa = XCBuildConfiguration;
			buildSettings = {
				ALWAYS_SEARCH_USER_PATHS = NO;
				CLANG_ANALYZER_NONNULL = YES;
				CLANG_ANALYZER_NUMBER_OBJECT_CONVERSION = YES_AGGRESSIVE;
				CLANG_CXX_LANGUAGE_STANDARD = "gnu++14";
				CLANG_CXX_LIBRARY = "libc++";
				CLANG_ENABLE_MODULES = YES;
				CLANG_ENABLE_OBJC_ARC = YES;
				CLANG_ENABLE_OBJC_WEAK = YES;
				CLANG_WARN_BLOCK_CAPTURE_AUTORELEASING = YES;
				CLANG_WARN_BOOL_CONVERSION = YES;
				CLANG_WARN_COMMA = YES;
				CLANG_WARN_CONSTANT_CONVERSION = YES;
				CLANG_WARN_DEPRECATED_OBJC_IMPLEMENTATIONS = YES;
				CLANG_WARN_DIRECT_OBJC_ISA_USAGE = YES_ERROR;
				CLANG_WARN_DOCUMENTATION_COMMENTS = YES;
				CLANG_WARN_EMPTY_BODY = YES;
				CLANG_WARN_ENUM_CONVERSION = YES;
				CLANG_WARN_INFINITE_RECURSION = YES;
				CLANG_WARN_INT_CONVERSION = YES;
				CLANG_WARN_NON_LITERAL_NULL_CONVERSION = YES;
				CLANG_WARN_OBJC_IMPLICIT_RETAIN_SELF = YES;
				CLANG_WARN_OBJC_LITERAL_CONVERSION = YES;
				CLANG_WARN_OBJC_ROOT_CLASS = YES_ERROR;
				CLANG_WARN_QUOTED_INCLUDE_IN_FRAMEWORK_HEADER = YES;
				CLANG_WARN_RANGE_LOOP_ANALYSIS = YES;
				CLANG_WARN_STRICT_PROTOTYPES = YES;
				CLANG_WARN_SUSPICIOUS_MOVE = YES;
				CLANG_WARN_UNGUARDED_AVAILABILITY = YES_AGGRESSIVE;
				CLANG_WARN_UNREACHABLE_CODE = YES;
				CLANG_WARN__DUPLICATE_METHOD_MATCH = YES;
				COPY_PHASE_STRIP = NO;
				DEBUG_INFORMATION_FORMAT = dwarf;
				ENABLE_STRICT_OBJC_MSGSEND = YES;
				ENABLE_TESTABILITY = YES;
				GCC_C_LANGUAGE_STANDARD = gnu11;
				GCC_DYNAMIC_NO_PIC = NO;
				GCC_NO_COMMON_BLOCKS = YES;
				GCC_OPTIMIZATION_LEVEL = 0;
				GCC_PREPROCESSOR_DEFINITIONS = (
					"DEBUG=1",
					"$(inherited)",
				);
				GCC_WARN_64_TO_32_BIT_CONVERSION = YES;
				GCC_WARN_ABOUT_RETURN_TYPE = YES_ERROR;
				GCC_WARN_UNDECLARED_SELECTOR = YES;
				GCC_WARN_UNINITIALIZED_AUTOS = YES_AGGRESSIVE;
				GCC_WARN_UNUSED_FUNCTION = YES;
				GCC_WARN_UNUSED_VARIABLE = YES;
				IPHONEOS_DEPLOYMENT_TARGET = 14.5;
				MTL_ENABLE_DEBUG_INFO = INCLUDE_SOURCE;
				MTL_FAST_MATH = YES;
				ONLY_ACTIVE_ARCH = YES;
				SDKROOT = iphoneos;
				SWIFT_ACTIVE_COMPILATION_CONDITIONS = DEBUG;
				SWIFT_OPTIMIZATION_LEVEL = "-Onone";
			};
			name = Debug;
		};
		909312A1264223CF0088BB58 /* Release */ = {
			isa = XCBuildConfiguration;
			buildSettings = {
				ALWAYS_SEARCH_USER_PATHS = NO;
				CLANG_ANALYZER_NONNULL = YES;
				CLANG_ANALYZER_NUMBER_OBJECT_CONVERSION = YES_AGGRESSIVE;
				CLANG_CXX_LANGUAGE_STANDARD = "gnu++14";
				CLANG_CXX_LIBRARY = "libc++";
				CLANG_ENABLE_MODULES = YES;
				CLANG_ENABLE_OBJC_ARC = YES;
				CLANG_ENABLE_OBJC_WEAK = YES;
				CLANG_WARN_BLOCK_CAPTURE_AUTORELEASING = YES;
				CLANG_WARN_BOOL_CONVERSION = YES;
				CLANG_WARN_COMMA = YES;
				CLANG_WARN_CONSTANT_CONVERSION = YES;
				CLANG_WARN_DEPRECATED_OBJC_IMPLEMENTATIONS = YES;
				CLANG_WARN_DIRECT_OBJC_ISA_USAGE = YES_ERROR;
				CLANG_WARN_DOCUMENTATION_COMMENTS = YES;
				CLANG_WARN_EMPTY_BODY = YES;
				CLANG_WARN_ENUM_CONVERSION = YES;
				CLANG_WARN_INFINITE_RECURSION = YES;
				CLANG_WARN_INT_CONVERSION = YES;
				CLANG_WARN_NON_LITERAL_NULL_CONVERSION = YES;
				CLANG_WARN_OBJC_IMPLICIT_RETAIN_SELF = YES;
				CLANG_WARN_OBJC_LITERAL_CONVERSION = YES;
				CLANG_WARN_OBJC_ROOT_CLASS = YES_ERROR;
				CLANG_WARN_QUOTED_INCLUDE_IN_FRAMEWORK_HEADER = YES;
				CLANG_WARN_RANGE_LOOP_ANALYSIS = YES;
				CLANG_WARN_STRICT_PROTOTYPES = YES;
				CLANG_WARN_SUSPICIOUS_MOVE = YES;
				CLANG_WARN_UNGUARDED_AVAILABILITY = YES_AGGRESSIVE;
				CLANG_WARN_UNREACHABLE_CODE = YES;
				CLANG_WARN__DUPLICATE_METHOD_MATCH = YES;
				COPY_PHASE_STRIP = NO;
				DEBUG_INFORMATION_FORMAT = "dwarf-with-dsym";
				ENABLE_NS_ASSERTIONS = NO;
				ENABLE_STRICT_OBJC_MSGSEND = YES;
				GCC_C_LANGUAGE_STANDARD = gnu11;
				GCC_NO_COMMON_BLOCKS = YES;
				GCC_WARN_64_TO_32_BIT_CONVERSION = YES;
				GCC_WARN_ABOUT_RETURN_TYPE = YES_ERROR;
				GCC_WARN_UNDECLARED_SELECTOR = YES;
				GCC_WARN_UNINITIALIZED_AUTOS = YES_AGGRESSIVE;
				GCC_WARN_UNUSED_FUNCTION = YES;
				GCC_WARN_UNUSED_VARIABLE = YES;
				IPHONEOS_DEPLOYMENT_TARGET = 14.5;
				MTL_ENABLE_DEBUG_INFO = NO;
				MTL_FAST_MATH = YES;
				SDKROOT = iphoneos;
				SWIFT_COMPILATION_MODE = wholemodule;
				SWIFT_OPTIMIZATION_LEVEL = "-O";
				VALIDATE_PRODUCT = YES;
			};
			name = Release;
		};
		909312A3264223CF0088BB58 /* Debug */ = {
			isa = XCBuildConfiguration;
			baseConfigurationReference = 9B34B91B0BBF4AAB67D621A7 /* Pods-Tonis Kitchen.debug.xcconfig */;
			buildSettings = {
				ASSETCATALOG_COMPILER_APPICON_NAME = AppIcon;
				ASSETCATALOG_COMPILER_GLOBAL_ACCENT_COLOR_NAME = AccentColor;
				CODE_SIGN_STYLE = Automatic;
				DEVELOPMENT_TEAM = 3R3Y9JHTK6;
				INFOPLIST_FILE = "Tonis Kitchen/Info.plist";
				LD_RUNPATH_SEARCH_PATHS = (
					"$(inherited)",
					"@executable_path/Frameworks",
				);
				PRODUCT_BUNDLE_IDENTIFIER = "com.carroll.Tonis-Kitchen";
				PRODUCT_NAME = "$(TARGET_NAME)";
				SWIFT_VERSION = 5.0;
				TARGETED_DEVICE_FAMILY = "1,2";
			};
			name = Debug;
		};
		909312A4264223CF0088BB58 /* Release */ = {
			isa = XCBuildConfiguration;
			baseConfigurationReference = E54515F546BA7F967440CB57 /* Pods-Tonis Kitchen.release.xcconfig */;
			buildSettings = {
				ASSETCATALOG_COMPILER_APPICON_NAME = AppIcon;
				ASSETCATALOG_COMPILER_GLOBAL_ACCENT_COLOR_NAME = AccentColor;
				CODE_SIGN_STYLE = Automatic;
				DEVELOPMENT_TEAM = 3R3Y9JHTK6;
				INFOPLIST_FILE = "Tonis Kitchen/Info.plist";
				LD_RUNPATH_SEARCH_PATHS = (
					"$(inherited)",
					"@executable_path/Frameworks",
				);
				PRODUCT_BUNDLE_IDENTIFIER = "com.carroll.Tonis-Kitchen";
				PRODUCT_NAME = "$(TARGET_NAME)";
				SWIFT_VERSION = 5.0;
				TARGETED_DEVICE_FAMILY = "1,2";
			};
			name = Release;
		};
/* End XCBuildConfiguration section */

/* Begin XCConfigurationList section */
		90931289264223CD0088BB58 /* Build configuration list for PBXProject "Tonis Kitchen" */ = {
			isa = XCConfigurationList;
			buildConfigurations = (
				909312A0264223CF0088BB58 /* Debug */,
				909312A1264223CF0088BB58 /* Release */,
			);
			defaultConfigurationIsVisible = 0;
			defaultConfigurationName = Release;
		};
		909312A2264223CF0088BB58 /* Build configuration list for PBXNativeTarget "Tonis Kitchen" */ = {
			isa = XCConfigurationList;
			buildConfigurations = (
				909312A3264223CF0088BB58 /* Debug */,
				909312A4264223CF0088BB58 /* Release */,
			);
			defaultConfigurationIsVisible = 0;
			defaultConfigurationName = Release;
		};
/* End XCConfigurationList section */
	};
	rootObject = 90931286264223CD0088BB58 /* Project object */;
}
